
Microsoft Visual Studio Solution File, Format Version 12.00
# Visual Studio Version 17
VisualStudioVersion = 17.7.34202.233
MinimumVisualStudioVersion = 10.0.40219.1
Project("{9A19103F-16F7-4668-BE54-9A1E7A4F7556}") = "CalculatorLibarory", "CalculatorLibarory\CalculatorLibarory.csproj", "{80664E55-7850-4F0F-A797-9D806D9BDA5C}"
EndProject
Project("{9A19103F-16F7-4668-BE54-9A1E7A4F7556}") = "TestProject1", "TestProject1\TestProject1.csproj", "{AFF79081-6D18-401B-A7D8-3183CE75A3E1}"
EndProject
Project("{9A19103F-16F7-4668-BE54-9A1E7A4F7556}") = "CalSpecFlowProject", "CalSpecFlowProject\CalSpecFlowProject.csproj", "{32C3389B-5202-4BB1-BD02-6CB0CE4FBB93}"
EndProject
Project("{FAE04EC0-301F-11D3-BF4B-00C04F79EFBC}") = "CalculatorNUnitTestProject", "NUnitTestProject\CalculatorNUnitTestProject.csproj", "{774E491D-35BF-4845-8CFF-CC9878E01C5F}"
EndProject
Global
	GlobalSection(SolutionConfigurationPlatforms) = preSolution
		Debug|Any CPU = Debug|Any CPU
		Release|Any CPU = Release|Any CPU
	EndGlobalSection
	GlobalSection(ProjectConfigurationPlatforms) = postSolution
		{80664E55-7850-4F0F-A797-9D806D9BDA5C}.Debug|Any CPU.ActiveCfg = Debug|Any CPU
		{80664E55-7850-4F0F-A797-9D806D9BDA5C}.Debug|Any CPU.Build.0 = Debug|Any CPU
		{80664E55-7850-4F0F-A797-9D806D9BDA5C}.Release|Any CPU.ActiveCfg = Release|Any CPU
		{80664E55-7850-4F0F-A797-9D806D9BDA5C}.Release|Any CPU.Build.0 = Release|Any CPU
		{AFF79081-6D18-401B-A7D8-3183CE75A3E1}.Debug|Any CPU.ActiveCfg = Debug|Any CPU
		{AFF79081-6D18-401B-A7D8-3183CE75A3E1}.Debug|Any CPU.Build.0 = Debug|Any CPU
		{AFF79081-6D18-401B-A7D8-3183CE75A3E1}.Release|Any CPU.ActiveCfg = Release|Any CPU
		{AFF79081-6D18-401B-A7D8-3183CE75A3E1}.Release|Any CPU.Build.0 = Release|Any CPU
		{32C3389B-5202-4BB1-BD02-6CB0CE4FBB93}.Debug|Any CPU.ActiveCfg = Debug|Any CPU
		{32C3389B-5202-4BB1-BD02-6CB0CE4FBB93}.Debug|Any CPU.Build.0 = Debug|Any CPU
		{32C3389B-5202-4BB1-BD02-6CB0CE4FBB93}.Release|Any CPU.ActiveCfg = Release|Any CPU
		{32C3389B-5202-4BB1-BD02-6CB0CE4FBB93}.Release|Any CPU.Build.0 = Release|Any CPU
		{774E491D-35BF-4845-8CFF-CC9878E01C5F}.Debug|Any CPU.ActiveCfg = Debug|Any CPU
		{774E491D-35BF-4845-8CFF-CC9878E01C5F}.Debug|Any CPU.Build.0 = Debug|Any CPU
		{774E491D-35BF-4845-8CFF-CC9878E01C5F}.Release|Any CPU.ActiveCfg = Release|Any CPU
		{774E491D-35BF-4845-8CFF-CC9878E01C5F}.Release|Any CPU.Build.0 = Release|Any CPU
	EndGlobalSection
	GlobalSection(SolutionProperties) = preSolution
		HideSolutionNode = FALSE
	EndGlobalSection
	GlobalSection(ExtensibilityGlobals) = postSolution
		SolutionGuid = {21268485-58CE-45AF-992E-B33678375964}
	EndGlobalSection
EndGlobal
