
Microsoft Visual Studio Solution File, Format Version 12.00
# Visual Studio Version 17
VisualStudioVersion = 17.7.34202.233
MinimumVisualStudioVersion = 10.0.40219.1
Project("{FAE04EC0-301F-11D3-BF4B-00C04F79EFBC}") = "PharmacyManagementVideo", "PharmacyManagementVideo\PharmacyManagementVideo.csproj", "{6533BA6B-5777-4ED9-8BC2-9D056544795F}"
EndProject
Global
	GlobalSection(SolutionConfigurationPlatforms) = preSolution
		Debug|Any CPU = Debug|Any CPU
		Release|Any CPU = Release|Any CPU
	EndGlobalSection
	GlobalSection(ProjectConfigurationPlatforms) = postSolution
		{6533BA6B-5777-4ED9-8BC2-9D056544795F}.Debug|Any CPU.ActiveCfg = Debug|Any CPU
		{6533BA6B-5777-4ED9-8BC2-9D056544795F}.Debug|Any CPU.Build.0 = Debug|Any CPU
		{6533BA6B-5777-4ED9-8BC2-9D056544795F}.Release|Any CPU.ActiveCfg = Release|Any CPU
		{6533BA6B-5777-4ED9-8BC2-9D056544795F}.Release|Any CPU.Build.0 = Release|Any CPU
	EndGlobalSection
	GlobalSection(SolutionProperties) = preSolution
		HideSolutionNode = FALSE
	EndGlobalSection
	GlobalSection(ExtensibilityGlobals) = postSolution
		SolutionGuid = {74F86CB1-84D3-4348-AD49-9A3D51BAADAA}
	EndGlobalSection
EndGlobal
