
Microsoft Visual Studio Solution File, Format Version 12.00
# Visual Studio Version 17
VisualStudioVersion = 17.7.34202.233
MinimumVisualStudioVersion = 10.0.40219.1
Project("{FAE04EC0-301F-11D3-BF4B-00C04F79EFBC}") = "MergeConflictToturial", "MergeConflictToturial\MergeConflictToturial.csproj", "{2246A715-5C4B-408F-B500-965FCAC894CA}"
EndProject
Global
	GlobalSection(SolutionConfigurationPlatforms) = preSolution
		Debug|Any CPU = Debug|Any CPU
		Release|Any CPU = Release|Any CPU
	EndGlobalSection
	GlobalSection(ProjectConfigurationPlatforms) = postSolution
		{2246A715-5C4B-408F-B500-965FCAC894CA}.Debug|Any CPU.ActiveCfg = Debug|Any CPU
		{2246A715-5C4B-408F-B500-965FCAC894CA}.Debug|Any CPU.Build.0 = Debug|Any CPU
		{2246A715-5C4B-408F-B500-965FCAC894CA}.Release|Any CPU.ActiveCfg = Release|Any CPU
		{2246A715-5C4B-408F-B500-965FCAC894CA}.Release|Any CPU.Build.0 = Release|Any CPU
	EndGlobalSection
	GlobalSection(SolutionProperties) = preSolution
		HideSolutionNode = FALSE
	EndGlobalSection
	GlobalSection(ExtensibilityGlobals) = postSolution
		SolutionGuid = {C9489E38-396A-4C65-B778-031A49CC2B75}
	EndGlobalSection
EndGlobal
