
Microsoft Visual Studio Solution File, Format Version 12.00
# Visual Studio Version 17
VisualStudioVersion = 17.7.34202.233
MinimumVisualStudioVersion = 10.0.40219.1
Project("{FAE04EC0-301F-11D3-BF4B-00C04F79EFBC}") = "UnitTetExample", "UnitTetExample\UnitTetExample.csproj", "{1D573D5C-2109-4CC9-9D99-9CF7F7FB5CE5}"
EndProject
Global
	GlobalSection(SolutionConfigurationPlatforms) = preSolution
		Debug|Any CPU = Debug|Any CPU
		Release|Any CPU = Release|Any CPU
	EndGlobalSection
	GlobalSection(ProjectConfigurationPlatforms) = postSolution
		{1D573D5C-2109-4CC9-9D99-9CF7F7FB5CE5}.Debug|Any CPU.ActiveCfg = Debug|Any CPU
		{1D573D5C-2109-4CC9-9D99-9CF7F7FB5CE5}.Debug|Any CPU.Build.0 = Debug|Any CPU
		{1D573D5C-2109-4CC9-9D99-9CF7F7FB5CE5}.Release|Any CPU.ActiveCfg = Release|Any CPU
		{1D573D5C-2109-4CC9-9D99-9CF7F7FB5CE5}.Release|Any CPU.Build.0 = Release|Any CPU
	EndGlobalSection
	GlobalSection(SolutionProperties) = preSolution
		HideSolutionNode = FALSE
	EndGlobalSection
	GlobalSection(ExtensibilityGlobals) = postSolution
		SolutionGuid = {DA6A4579-3B58-4A0F-B0EA-F91178044D1F}
	EndGlobalSection
EndGlobal
